
Microsoft Visual Studio Solution File, Format Version 12.00
# Visual Studio Version 16
VisualStudioVersion = 25.0.1706.9
MinimumVisualStudioVersion = 10.0.40219.1
Project("{FAE04EC0-301F-11D3-BF4B-00C04F79EFBC}") = "02_home_asp", "02_home_asp\02_home_asp.csproj", "{73C99788-ED33-42E5-8C20-33B2E102E15C}"
EndProject
Global
	GlobalSection(SolutionConfigurationPlatforms) = preSolution
		Debug|Any CPU = Debug|Any CPU
		Release|Any CPU = Release|Any CPU
	EndGlobalSection
	GlobalSection(ProjectConfigurationPlatforms) = postSolution
		{73C99788-ED33-42E5-8C20-33B2E102E15C}.Debug|Any CPU.ActiveCfg = Debug|Any CPU
		{73C99788-ED33-42E5-8C20-33B2E102E15C}.Debug|Any CPU.Build.0 = Debug|Any CPU
		{73C99788-ED33-42E5-8C20-33B2E102E15C}.Release|Any CPU.ActiveCfg = Release|Any CPU
		{73C99788-ED33-42E5-8C20-33B2E102E15C}.Release|Any CPU.Build.0 = Release|Any CPU
	EndGlobalSection
	GlobalSection(SolutionProperties) = preSolution
		HideSolutionNode = FALSE
	EndGlobalSection
	GlobalSection(ExtensibilityGlobals) = postSolution
		SolutionGuid = {EE37FA63-D010-4BB7-97A4-341403BDB270}
	EndGlobalSection
EndGlobal
